
Microsoft Visual Studio Solution File, Format Version 12.00
# Visual Studio Express 2012 for Web
Project("{FAE04EC0-301F-11D3-BF4B-00C04F79EFBC}") = "RomanNumerals1", "RomanNumerals1\RomanNumerals1.csproj", "{74ED384C-9CB0-4EBA-90F7-F1FED0872E25}"
EndProject
Project("{FAE04EC0-301F-11D3-BF4B-00C04F79EFBC}") = "RomanNumerals1.Tests", "RomanNumerals1.Tests\RomanNumerals1.Tests.csproj", "{45D45164-4308-498B-B4E0-0916443E6DB1}"
EndProject
Project("{2150E333-8FDC-42A3-9474-1A3956D46DE8}") = ".nuget", ".nuget", "{4CA5C6DE-DCB7-44B3-B5F8-637FA8A5D25F}"
	ProjectSection(SolutionItems) = preProject
		.nuget\packages.config = .nuget\packages.config
	EndProjectSection
EndProject
Global
	GlobalSection(SolutionConfigurationPlatforms) = preSolution
		Debug|Any CPU = Debug|Any CPU
		Release|Any CPU = Release|Any CPU
	EndGlobalSection
	GlobalSection(ProjectConfigurationPlatforms) = postSolution
		{74ED384C-9CB0-4EBA-90F7-F1FED0872E25}.Debug|Any CPU.ActiveCfg = Debug|Any CPU
		{74ED384C-9CB0-4EBA-90F7-F1FED0872E25}.Debug|Any CPU.Build.0 = Debug|Any CPU
		{74ED384C-9CB0-4EBA-90F7-F1FED0872E25}.Release|Any CPU.ActiveCfg = Release|Any CPU
		{74ED384C-9CB0-4EBA-90F7-F1FED0872E25}.Release|Any CPU.Build.0 = Release|Any CPU
		{45D45164-4308-498B-B4E0-0916443E6DB1}.Debug|Any CPU.ActiveCfg = Debug|Any CPU
		{45D45164-4308-498B-B4E0-0916443E6DB1}.Debug|Any CPU.Build.0 = Debug|Any CPU
		{45D45164-4308-498B-B4E0-0916443E6DB1}.Release|Any CPU.ActiveCfg = Release|Any CPU
		{45D45164-4308-498B-B4E0-0916443E6DB1}.Release|Any CPU.Build.0 = Release|Any CPU
	EndGlobalSection
	GlobalSection(SolutionProperties) = preSolution
		HideSolutionNode = FALSE
	EndGlobalSection
EndGlobal
